
Microsoft Visual Studio Solution File, Format Version 12.00
# Visual Studio Version 17
VisualStudioVersion = 17.14.36429.23
MinimumVisualStudioVersion = 10.0.40219.1
Project("{FAE04EC0-301F-11D3-BF4B-00C04F79EFBC}") = "CalibriWpf", "CalibriWpf\CalibriWpf.csproj", "{7D1CA0B1-0C41-151B-6D01-ED3507C90FB7}"
EndProject
Project("{FAE04EC0-301F-11D3-BF4B-00C04F79EFBC}") = "CalibriSandBox", "CalbriSandBox\CalibriSandBox.csproj", "{8C2383A2-3122-D54A-C092-1978EA3C9B66}"
EndProject
Project("{FAE04EC0-301F-11D3-BF4B-00C04F79EFBC}") = "CalibriDevices", "CalibriDevices\CalibriDevices.csproj", "{DB67728D-CC24-E953-44E0-A45ED5C6E510}"
EndProject
Project("{FAE04EC0-301F-11D3-BF4B-00C04F79EFBC}") = "NetworkScanner", "NetworkScanner\NetworkScanner.csproj", "{69943B03-2FFB-429D-79A2-E525445262BA}"
EndProject
Project("{FAE04EC0-301F-11D3-BF4B-00C04F79EFBC}") = "CalibriConsole", "CalibriConsole\CalibriConsole.csproj", "{2C97FEFA-47FE-42D2-909D-C52C78881D2A}"
EndProject
Project("{FAE04EC0-301F-11D3-BF4B-00C04F79EFBC}") = "CalibriTests", "CalibriTests\CalibriTests.csproj", "{E565E50D-13E4-486B-B2D5-C4521960C17E}"
EndProject
Global
	GlobalSection(SolutionConfigurationPlatforms) = preSolution
		Debug|Any CPU = Debug|Any CPU
		Release|Any CPU = Release|Any CPU
	EndGlobalSection
	GlobalSection(ProjectConfigurationPlatforms) = postSolution
		{7D1CA0B1-0C41-151B-6D01-ED3507C90FB7}.Debug|Any CPU.ActiveCfg = Debug|Any CPU
		{7D1CA0B1-0C41-151B-6D01-ED3507C90FB7}.Debug|Any CPU.Build.0 = Debug|Any CPU
		{7D1CA0B1-0C41-151B-6D01-ED3507C90FB7}.Release|Any CPU.ActiveCfg = Release|Any CPU
		{7D1CA0B1-0C41-151B-6D01-ED3507C90FB7}.Release|Any CPU.Build.0 = Release|Any CPU
		{8C2383A2-3122-D54A-C092-1978EA3C9B66}.Debug|Any CPU.ActiveCfg = Debug|Any CPU
		{8C2383A2-3122-D54A-C092-1978EA3C9B66}.Debug|Any CPU.Build.0 = Debug|Any CPU
		{8C2383A2-3122-D54A-C092-1978EA3C9B66}.Release|Any CPU.ActiveCfg = Release|Any CPU
		{8C2383A2-3122-D54A-C092-1978EA3C9B66}.Release|Any CPU.Build.0 = Release|Any CPU
		{DB67728D-CC24-E953-44E0-A45ED5C6E510}.Debug|Any CPU.ActiveCfg = Debug|Any CPU
		{DB67728D-CC24-E953-44E0-A45ED5C6E510}.Debug|Any CPU.Build.0 = Debug|Any CPU
		{DB67728D-CC24-E953-44E0-A45ED5C6E510}.Release|Any CPU.ActiveCfg = Release|Any CPU
		{DB67728D-CC24-E953-44E0-A45ED5C6E510}.Release|Any CPU.Build.0 = Release|Any CPU
		{69943B03-2FFB-429D-79A2-E525445262BA}.Debug|Any CPU.ActiveCfg = Debug|Any CPU
		{69943B03-2FFB-429D-79A2-E525445262BA}.Debug|Any CPU.Build.0 = Debug|Any CPU
		{69943B03-2FFB-429D-79A2-E525445262BA}.Release|Any CPU.ActiveCfg = Release|Any CPU
		{69943B03-2FFB-429D-79A2-E525445262BA}.Release|Any CPU.Build.0 = Release|Any CPU
		{2C97FEFA-47FE-42D2-909D-C52C78881D2A}.Debug|Any CPU.ActiveCfg = Debug|Any CPU
		{2C97FEFA-47FE-42D2-909D-C52C78881D2A}.Debug|Any CPU.Build.0 = Debug|Any CPU
		{2C97FEFA-47FE-42D2-909D-C52C78881D2A}.Release|Any CPU.ActiveCfg = Release|Any CPU
		{2C97FEFA-47FE-42D2-909D-C52C78881D2A}.Release|Any CPU.Build.0 = Release|Any CPU
		{E565E50D-13E4-486B-B2D5-C4521960C17E}.Debug|Any CPU.ActiveCfg = Debug|Any CPU
		{E565E50D-13E4-486B-B2D5-C4521960C17E}.Debug|Any CPU.Build.0 = Debug|Any CPU
		{E565E50D-13E4-486B-B2D5-C4521960C17E}.Release|Any CPU.ActiveCfg = Release|Any CPU
		{E565E50D-13E4-486B-B2D5-C4521960C17E}.Release|Any CPU.Build.0 = Release|Any CPU
	EndGlobalSection
	GlobalSection(SolutionProperties) = preSolution
		HideSolutionNode = FALSE
	EndGlobalSection
	GlobalSection(ExtensibilityGlobals) = postSolution
		SolutionGuid = {D74A16F1-0755-4CC8-B48A-FC45576E6579}
	EndGlobalSection
EndGlobal
